
Microsoft Visual Studio Solution File, Format Version 12.00
# Visual Studio 15
VisualStudioVersion = 15.0.27130.2026
MinimumVisualStudioVersion = 10.0.40219.1
Project("{FAE04EC0-301F-11D3-BF4B-00C04F79EFBC}") = "SumOfMultiples-Git", "SumOfMultiples-Git\SumOfMultiples-Git.csproj", "{1DB39F98-65A8-4806-9084-B71DC3B02634}"
EndProject
Global
	GlobalSection(SolutionConfigurationPlatforms) = preSolution
		Debug|Any CPU = Debug|Any CPU
		Release|Any CPU = Release|Any CPU
	EndGlobalSection
	GlobalSection(ProjectConfigurationPlatforms) = postSolution
		{1DB39F98-65A8-4806-9084-B71DC3B02634}.Debug|Any CPU.ActiveCfg = Debug|Any CPU
		{1DB39F98-65A8-4806-9084-B71DC3B02634}.Debug|Any CPU.Build.0 = Debug|Any CPU
		{1DB39F98-65A8-4806-9084-B71DC3B02634}.Release|Any CPU.ActiveCfg = Release|Any CPU
		{1DB39F98-65A8-4806-9084-B71DC3B02634}.Release|Any CPU.Build.0 = Release|Any CPU
	EndGlobalSection
	GlobalSection(SolutionProperties) = preSolution
		HideSolutionNode = FALSE
	EndGlobalSection
	GlobalSection(ExtensibilityGlobals) = postSolution
		SolutionGuid = {33AC3569-D94A-4A95-8095-1D5951CE719D}
	EndGlobalSection
EndGlobal
